
Microsoft Visual Studio Solution File, Format Version 12.00
# Visual Studio Version 17
VisualStudioVersion = 17.10.34916.146
MinimumVisualStudioVersion = 10.0.40219.1
Project("{FAE04EC0-301F-11D3-BF4B-00C04F79EFBC}") = "HardInfo", "HardInfo\HardInfo.csproj", "{85BCEEFF-91BF-438C-AF5D-530F53E54F3F}"
EndProject
Global
	GlobalSection(SolutionConfigurationPlatforms) = preSolution
		Debug|Any CPU = Debug|Any CPU
		Debug|x64 = Debug|x64
		Release|Any CPU = Release|Any CPU
		Release|x64 = Release|x64
	EndGlobalSection
	GlobalSection(ProjectConfigurationPlatforms) = postSolution
		{85BCEEFF-91BF-438C-AF5D-530F53E54F3F}.Debug|Any CPU.ActiveCfg = Debug|Any CPU
		{85BCEEFF-91BF-438C-AF5D-530F53E54F3F}.Debug|Any CPU.Build.0 = Debug|Any CPU
		{85BCEEFF-91BF-438C-AF5D-530F53E54F3F}.Debug|x64.ActiveCfg = Debug|x64
		{85BCEEFF-91BF-438C-AF5D-530F53E54F3F}.Debug|x64.Build.0 = Debug|x64
		{85BCEEFF-91BF-438C-AF5D-530F53E54F3F}.Release|Any CPU.ActiveCfg = Release|Any CPU
		{85BCEEFF-91BF-438C-AF5D-530F53E54F3F}.Release|Any CPU.Build.0 = Release|Any CPU
		{85BCEEFF-91BF-438C-AF5D-530F53E54F3F}.Release|x64.ActiveCfg = Release|x64
		{85BCEEFF-91BF-438C-AF5D-530F53E54F3F}.Release|x64.Build.0 = Release|x64
	EndGlobalSection
	GlobalSection(SolutionProperties) = preSolution
		HideSolutionNode = FALSE
	EndGlobalSection
	GlobalSection(ExtensibilityGlobals) = postSolution
		SolutionGuid = {43731C2D-3925-4C1A-AB5E-4368DCCE0DE4}
	EndGlobalSection
EndGlobal
